
Microsoft Visual Studio Solution File, Format Version 12.00
# Visual Studio for Mac
Project("{FAE04EC0-301F-11D3-BF4B-00C04F79EFBC}") = "Assembly-CSharp", "Assembly-CSharp.csproj", "{70F0466E-CEDE-E188-BF54-18A5F2B02E63}"
EndProject
Global
	GlobalSection(SolutionConfigurationPlatforms) = preSolution
		Debug|Any CPU = Debug|Any CPU
		Release|Any CPU = Release|Any CPU
	EndGlobalSection
	GlobalSection(ProjectConfigurationPlatforms) = postSolution
		{70F0466E-CEDE-E188-BF54-18A5F2B02E63}.Debug|Any CPU.ActiveCfg = Debug|Any CPU
		{70F0466E-CEDE-E188-BF54-18A5F2B02E63}.Debug|Any CPU.Build.0 = Debug|Any CPU
		{70F0466E-CEDE-E188-BF54-18A5F2B02E63}.Release|Any CPU.ActiveCfg = Release|Any CPU
		{70F0466E-CEDE-E188-BF54-18A5F2B02E63}.Release|Any CPU.Build.0 = Release|Any CPU
	EndGlobalSection
	GlobalSection(SolutionProperties) = preSolution
		HideSolutionNode = FALSE
	EndGlobalSection
	GlobalSection(MonoDevelopProperties) = preSolution
		StartupItem = Assembly-CSharp.csproj
	EndGlobalSection
EndGlobal
